
Microsoft Visual Studio Solution File, Format Version 12.00
# Visual Studio Version 17
VisualStudioVersion = 17.8.34525.116
MinimumVisualStudioVersion = 10.0.40219.1
Project("{9A19103F-16F7-4668-BE54-9A1E7A4F7556}") = "Namsku.REE.Messages", "src\Namsku.REE.Messages\Namsku.REE.Messages.csproj", "{933691A8-3B56-49D5-BCDD-4FA09877F9EE}"
EndProject
Project("{9A19103F-16F7-4668-BE54-9A1E7A4F7556}") = "Namsku.REE.Messages.Tests", "test\Namsku.REE.Messages.Tests\Namsku.REE.Messages.Tests.csproj", "{95227573-4E36-4429-8D05-76BD5EE8B02F}"
EndProject
Project("{2150E333-8FDC-42A3-9474-1A3956D46DE8}") = "src", "src", "{2678B7E6-5094-46DF-8868-976CF617C7A4}"
EndProject
Project("{2150E333-8FDC-42A3-9474-1A3956D46DE8}") = "test", "test", "{8B1B5C85-C4CD-4C72-A954-17B32A12D39B}"
EndProject
Global
	GlobalSection(SolutionConfigurationPlatforms) = preSolution
		Debug|Any CPU = Debug|Any CPU
		Release|Any CPU = Release|Any CPU
	EndGlobalSection
	GlobalSection(ProjectConfigurationPlatforms) = postSolution
		{933691A8-3B56-49D5-BCDD-4FA09877F9EE}.Debug|Any CPU.ActiveCfg = Debug|Any CPU
		{933691A8-3B56-49D5-BCDD-4FA09877F9EE}.Debug|Any CPU.Build.0 = Debug|Any CPU
		{933691A8-3B56-49D5-BCDD-4FA09877F9EE}.Release|Any CPU.ActiveCfg = Release|Any CPU
		{933691A8-3B56-49D5-BCDD-4FA09877F9EE}.Release|Any CPU.Build.0 = Release|Any CPU
		{95227573-4E36-4429-8D05-76BD5EE8B02F}.Debug|Any CPU.ActiveCfg = Debug|Any CPU
		{95227573-4E36-4429-8D05-76BD5EE8B02F}.Debug|Any CPU.Build.0 = Debug|Any CPU
		{95227573-4E36-4429-8D05-76BD5EE8B02F}.Release|Any CPU.ActiveCfg = Release|Any CPU
		{95227573-4E36-4429-8D05-76BD5EE8B02F}.Release|Any CPU.Build.0 = Release|Any CPU
	EndGlobalSection
	GlobalSection(SolutionProperties) = preSolution
		HideSolutionNode = FALSE
	EndGlobalSection
	GlobalSection(NestedProjects) = preSolution
		{933691A8-3B56-49D5-BCDD-4FA09877F9EE} = {2678B7E6-5094-46DF-8868-976CF617C7A4}
		{95227573-4E36-4429-8D05-76BD5EE8B02F} = {8B1B5C85-C4CD-4C72-A954-17B32A12D39B}
	EndGlobalSection
	GlobalSection(ExtensibilityGlobals) = postSolution
		SolutionGuid = {E05D7615-B92C-4E37-BB3E-802FD771BC0E}
	EndGlobalSection
EndGlobal
